
Microsoft Visual Studio Solution File, Format Version 12.00
# Visual Studio Version 16
VisualStudioVersion = 16.0.29613.14
MinimumVisualStudioVersion = 10.0.40219.1
Project("{FAE04EC0-301F-11D3-BF4B-00C04F79EFBC}") = "EmployeeDetails", "EmployeeDetails.csproj", "{2B33F7B0-C9A7-4525-9C38-46A33806B3D6}"
EndProject
Global
	GlobalSection(SolutionConfigurationPlatforms) = preSolution
		Debug|Any CPU = Debug|Any CPU
		Release|Any CPU = Release|Any CPU
	EndGlobalSection
	GlobalSection(ProjectConfigurationPlatforms) = postSolution
		{2B33F7B0-C9A7-4525-9C38-46A33806B3D6}.Debug|Any CPU.ActiveCfg = Debug|Any CPU
		{2B33F7B0-C9A7-4525-9C38-46A33806B3D6}.Debug|Any CPU.Build.0 = Debug|Any CPU
		{2B33F7B0-C9A7-4525-9C38-46A33806B3D6}.Release|Any CPU.ActiveCfg = Release|Any CPU
		{2B33F7B0-C9A7-4525-9C38-46A33806B3D6}.Release|Any CPU.Build.0 = Release|Any CPU
	EndGlobalSection
	GlobalSection(SolutionProperties) = preSolution
		HideSolutionNode = FALSE
	EndGlobalSection
	GlobalSection(ExtensibilityGlobals) = postSolution
		SolutionGuid = {C950AE72-5076-41F8-8C0A-81DB142F0DA1}
	EndGlobalSection
EndGlobal
