
Microsoft Visual Studio Solution File, Format Version 12.00
# Visual Studio Version 16
VisualStudioVersion = 16.0.29613.14
MinimumVisualStudioVersion = 10.0.40219.1
Project("{FAE04EC0-301F-11D3-BF4B-00C04F79EFBC}") = "ASPEntity", "ASPEntity.csproj", "{1733EF00-6EC7-44FD-AC90-F63BE8CA65B6}"
EndProject
Global
	GlobalSection(SolutionConfigurationPlatforms) = preSolution
		Debug|Any CPU = Debug|Any CPU
		Release|Any CPU = Release|Any CPU
	EndGlobalSection
	GlobalSection(ProjectConfigurationPlatforms) = postSolution
		{1733EF00-6EC7-44FD-AC90-F63BE8CA65B6}.Debug|Any CPU.ActiveCfg = Debug|Any CPU
		{1733EF00-6EC7-44FD-AC90-F63BE8CA65B6}.Debug|Any CPU.Build.0 = Debug|Any CPU
		{1733EF00-6EC7-44FD-AC90-F63BE8CA65B6}.Release|Any CPU.ActiveCfg = Release|Any CPU
		{1733EF00-6EC7-44FD-AC90-F63BE8CA65B6}.Release|Any CPU.Build.0 = Release|Any CPU
	EndGlobalSection
	GlobalSection(SolutionProperties) = preSolution
		HideSolutionNode = FALSE
	EndGlobalSection
	GlobalSection(ExtensibilityGlobals) = postSolution
		SolutionGuid = {B0A9C55D-96D9-4BD8-92CC-E3F0991D7CB3}
	EndGlobalSection
EndGlobal
